
Microsoft Visual Studio Solution File, Format Version 12.00
# Visual Studio 2015
Project("{FAE04EC0-301F-11D3-BF4B-00C04F79EFBC}") = "Fire", "Fire.csproj", "{E5E3426A-419B-BB31-20A6-437EA6272C41}"
EndProject
Global
	GlobalSection(SolutionConfigurationPlatforms) = preSolution
		Debug|Any CPU = Debug|Any CPU
		Release|Any CPU = Release|Any CPU
	EndGlobalSection
	GlobalSection(ProjectConfigurationPlatforms) = postSolution
		{E5E3426A-419B-BB31-20A6-437EA6272C41}.Debug|Any CPU.ActiveCfg = Debug|Any CPU
		{E5E3426A-419B-BB31-20A6-437EA6272C41}.Debug|Any CPU.Build.0 = Debug|Any CPU
		{E5E3426A-419B-BB31-20A6-437EA6272C41}.Release|Any CPU.ActiveCfg = Release|Any CPU
		{E5E3426A-419B-BB31-20A6-437EA6272C41}.Release|Any CPU.Build.0 = Release|Any CPU
	EndGlobalSection
	GlobalSection(SolutionProperties) = preSolution
		HideSolutionNode = FALSE
	EndGlobalSection
EndGlobal
